// !$*UTF8*$!
{
	archiveVersion = 1;
	classes = {
	};
	objectVersion = 46;
	objects = {

/* Begin PBXBuildFile section */
		65839B5C19B361F20043FF8F /* main.m in Sources */ = {isa = PBXBuildFile; fileRef = 65839B5B19B361F20043FF8F /* main.m */; };
		65839B5F19B361F20043FF8F /* AppDelegate.m in Sources */ = {isa = PBXBuildFile; fileRef = 65839B5E19B361F20043FF8F /* AppDelegate.m */; };
		65839B6219B361F20043FF8F /* ViewController.m in Sources */ = {isa = PBXBuildFile; fileRef = 65839B6119B361F20043FF8F /* ViewController.m */; };
		65839B6519B361F20043FF8F /* Main.storyboard in Resources */ = {isa = PBXBuildFile; fileRef = 65839B6319B361F20043FF8F /* Main.storyboard */; };
		65839B6719B361F20043FF8F /* Images.xcassets in Resources */ = {isa = PBXBuildFile; fileRef = 65839B6619B361F20043FF8F /* Images.xcassets */; };
		65839B7319B361F20043FF8F /* DemoTests.m in Sources */ = {isa = PBXBuildFile; fileRef = 65839B7219B361F20043FF8F /* DemoTests.m */; };
		65A8881B19B36211001E078A /* AMTextField.m in Sources */ = {isa = PBXBuildFile; fileRef = 65A8881A19B36211001E078A /* AMTextField.m */; };
/* End PBXBuildFile section */

/* Begin PBXContainerItemProxy section */
		65839B6D19B361F20043FF8F /* PBXContainerItemProxy */ = {
			isa = PBXContainerItemProxy;
			containerPortal = 65839B4E19B361F20043FF8F /* Project object */;
			proxyType = 1;
			remoteGlobalIDString = 65839B5519B361F20043FF8F;
			remoteInfo = Demo;
		};
/* End PBXContainerItemProxy section */

/* Begin PBXFileReference section */
		65839B5619B361F20043FF8F /* Demo.app */ = {isa = PBXFileReference; explicitFileType = wrapper.application; includeInIndex = 0; path = Demo.app; sourceTree = BUILT_PRODUCTS_DIR; };
		65839B5A19B361F20043FF8F /* Info.plist */ = {isa = PBXFileReference; lastKnownFileType = text.plist.xml; path = Info.plist; sourceTree = "<group>"; };
		65839B5B19B361F20043FF8F /* main.m */ = {isa = PBXFileReference; lastKnownFileType = sourcecode.c.objc; path = main.m; sourceTree = "<group>"; };
		65839B5D19B361F20043FF8F /* AppDelegate.h */ = {isa = PBXFileReference; lastKnownFileType = sourcecode.c.h; path = AppDelegate.h; sourceTree = "<group>"; };
		65839B5E19B361F20043FF8F /* AppDelegate.m */ = {isa = PBXFileReference; lastKnownFileType = sourcecode.c.objc; path = AppDelegate.m; sourceTree = "<group>"; };
		65839B6019B361F20043FF8F /* ViewController.h */ = {isa = PBXFileReference; lastKnownFileType = sourcecode.c.h; path = ViewController.h; sourceTree = "<group>"; };
		65839B6119B361F20043FF8F /* ViewController.m */ = {isa = PBXFileReference; lastKnownFileType = sourcecode.c.objc; path = ViewController.m; sourceTree = "<group>"; };
		65839B6419B361F20043FF8F /* Base */ = {isa = PBXFileReference; lastKnownFileType = file.storyboard; name = Base; path = Base.lproj/Main.storyboard; sourceTree = "<group>"; };
		65839B6619B361F20043FF8F /* Images.xcassets */ = {isa = PBXFileReference; lastKnownFileType = folder.assetcatalog; path = Images.xcassets; sourceTree = "<group>"; };
		65839B6C19B361F20043FF8F /* DemoTests.xctest */ = {isa = PBXFileReference; explicitFileType = wrapper.cfbundle; includeInIndex = 0; path = DemoTests.xctest; sourceTree = BUILT_PRODUCTS_DIR; };
		65839B7119B361F20043FF8F /* Info.plist */ = {isa = PBXFileReference; lastKnownFileType = text.plist.xml; path = Info.plist; sourceTree = "<group>"; };
		65839B7219B361F20043FF8F /* DemoTests.m */ = {isa = PBXFileReference; lastKnownFileType = sourcecode.c.objc; path = DemoTests.m; sourceTree = "<group>"; };
		65A8881919B36211001E078A /* AMTextField.h */ = {isa = PBXFileReference; fileEncoding = 4; lastKnownFileType = sourcecode.c.h; path = AMTextField.h; sourceTree = "<group>"; };
		65A8881A19B36211001E078A /* AMTextField.m */ = {isa = PBXFileReference; fileEncoding = 4; lastKnownFileType = sourcecode.c.objc; path = AMTextField.m; sourceTree = "<group>"; };
/* End PBXFileReference section */

/* Begin PBXFrameworksBuildPhase section */
		65839B5319B361F20043FF8F /* Frameworks */ = {
			isa = PBXFrameworksBuildPhase;
			buildActionMask = 2147483647;
			files = (
			);
			runOnlyForDeploymentPostprocessing = 0;
		};
		65839B6919B361F20043FF8F /* Frameworks */ = {
			isa = PBXFrameworksBuildPhase;
			buildActionMask = 2147483647;
			files = (
			);
			runOnlyForDeploymentPostprocessing = 0;
		};
/* End PBXFrameworksBuildPhase section */

/* Begin PBXGroup section */
		65839B4D19B361F20043FF8F = {
			isa = PBXGroup;
			children = (
				65839B5819B361F20043FF8F /* Demo */,
				65839B6F19B361F20043FF8F /* DemoTests */,
				65839B5719B361F20043FF8F /* Products */,
			);
			sourceTree = "<group>";
		};
		65839B5719B361F20043FF8F /* Products */ = {
			isa = PBXGroup;
			children = (
				65839B5619B361F20043FF8F /* Demo.app */,
				65839B6C19B361F20043FF8F /* DemoTests.xctest */,
			);
			name = Products;
			sourceTree = "<group>";
		};
		65839B5819B361F20043FF8F /* Demo */ = {
			isa = PBXGroup;
			children = (
				65A8881819B36211001E078A /* AMTextField */,
				65839B5D19B361F20043FF8F /* AppDelegate.h */,
				65839B5E19B361F20043FF8F /* AppDelegate.m */,
				65839B6019B361F20043FF8F /* ViewController.h */,
				65839B6119B361F20043FF8F /* ViewController.m */,
				65839B6319B361F20043FF8F /* Main.storyboard */,
				65839B6619B361F20043FF8F /* Images.xcassets */,
				65839B5919B361F20043FF8F /* Supporting Files */,
			);
			path = Demo;
			sourceTree = "<group>";
		};
		65839B5919B361F20043FF8F /* Supporting Files */ = {
			isa = PBXGroup;
			children = (
				65839B5A19B361F20043FF8F /* Info.plist */,
				65839B5B19B361F20043FF8F /* main.m */,
			);
			name = "Supporting Files";
			sourceTree = "<group>";
		};
		65839B6F19B361F20043FF8F /* DemoTests */ = {
			isa = PBXGroup;
			children = (
				65839B7219B361F20043FF8F /* DemoTests.m */,
				65839B7019B361F20043FF8F /* Supporting Files */,
			);
			path = DemoTests;
			sourceTree = "<group>";
		};
		65839B7019B361F20043FF8F /* Supporting Files */ = {
			isa = PBXGroup;
			children = (
				65839B7119B361F20043FF8F /* Info.plist */,
			);
			name = "Supporting Files";
			sourceTree = "<group>";
		};
		65A8881819B36211001E078A /* AMTextField */ = {
			isa = PBXGroup;
			children = (
				65A8881919B36211001E078A /* AMTextField.h */,
				65A8881A19B36211001E078A /* AMTextField.m */,
			);
			name = AMTextField;
			path = ../../AMTextField;
			sourceTree = "<group>";
		};
/* End PBXGroup section */

/* Begin PBXNativeTarget section */
		65839B5519B361F20043FF8F /* Demo */ = {
			isa = PBXNativeTarget;
			buildConfigurationList = 65839B7619B361F20043FF8F /* Build configuration list for PBXNativeTarget "Demo" */;
			buildPhases = (
				65839B5219B361F20043FF8F /* Sources */,
				65839B5319B361F20043FF8F /* Frameworks */,
				65839B5419B361F20043FF8F /* Resources */,
			);
			buildRules = (
			);
			dependencies = (
			);
			name = Demo;
			productName = Demo;
			productReference = 65839B5619B361F20043FF8F /* Demo.app */;
			productType = "com.apple.product-type.application";
		};
		65839B6B19B361F20043FF8F /* DemoTests */ = {
			isa = PBXNativeTarget;
			buildConfigurationList = 65839B7919B361F20043FF8F /* Build configuration list for PBXNativeTarget "DemoTests" */;
			buildPhases = (
				65839B6819B361F20043FF8F /* Sources */,
				65839B6919B361F20043FF8F /* Frameworks */,
				65839B6A19B361F20043FF8F /* Resources */,
			);
			buildRules = (
			);
			dependencies = (
				65839B6E19B361F20043FF8F /* PBXTargetDependency */,
			);
			name = DemoTests;
			productName = DemoTests;
			productReference = 65839B6C19B361F20043FF8F /* DemoTests.xctest */;
			productType = "com.apple.product-type.bundle.unit-test";
		};
/* End PBXNativeTarget section */

/* Begin PBXProject section */
		65839B4E19B361F20043FF8F /* Project object */ = {
			isa = PBXProject;
			attributes = {
				LastUpgradeCheck = 0600;
				ORGANIZATIONNAME = "Fancy Pixel";
				TargetAttributes = {
					65839B5519B361F20043FF8F = {
						CreatedOnToolsVersion = 6.0;
					};
					65839B6B19B361F20043FF8F = {
						CreatedOnToolsVersion = 6.0;
						TestTargetID = 65839B5519B361F20043FF8F;
					};
				};
			};
			buildConfigurationList = 65839B5119B361F20043FF8F /* Build configuration list for PBXProject "Demo" */;
			compatibilityVersion = "Xcode 3.2";
			developmentRegion = English;
			hasScannedForEncodings = 0;
			knownRegions = (
				en,
				Base,
			);
			mainGroup = 65839B4D19B361F20043FF8F;
			productRefGroup = 65839B5719B361F20043FF8F /* Products */;
			projectDirPath = "";
			projectRoot = "";
			targets = (
				65839B5519B361F20043FF8F /* Demo */,
				65839B6B19B361F20043FF8F /* DemoTests */,
			);
		};
/* End PBXProject section */

/* Begin PBXResourcesBuildPhase section */
		65839B5419B361F20043FF8F /* Resources */ = {
			isa = PBXResourcesBuildPhase;
			buildActionMask = 2147483647;
			files = (
				65839B6519B361F20043FF8F /* Main.storyboard in Resources */,
				65839B6719B361F20043FF8F /* Images.xcassets in Resources */,
			);
			runOnlyForDeploymentPostprocessing = 0;
		};
		65839B6A19B361F20043FF8F /* Resources */ = {
			isa = PBXResourcesBuildPhase;
			buildActionMask = 2147483647;
			files = (
			);
			runOnlyForDeploymentPostprocessing = 0;
		};
/* End PBXResourcesBuildPhase section */

/* Begin PBXSourcesBuildPhase section */
		65839B5219B361F20043FF8F /* Sources */ = {
			isa = PBXSourcesBuildPhase;
			buildActionMask = 2147483647;
			files = (
				65839B6219B361F20043FF8F /* ViewController.m in Sources */,
				65839B5F19B361F20043FF8F /* AppDelegate.m in Sources */,
				65839B5C19B361F20043FF8F /* main.m in Sources */,
				65A8881B19B36211001E078A /* AMTextField.m in Sources */,
			);
			runOnlyForDeploymentPostprocessing = 0;
		};
		65839B6819B361F20043FF8F /* Sources */ = {
			isa = PBXSourcesBuildPhase;
			buildActionMask = 2147483647;
			files = (
				65839B7319B361F20043FF8F /* DemoTests.m in Sources */,
			);
			runOnlyForDeploymentPostprocessing = 0;
		};
/* End PBXSourcesBuildPhase section */

/* Begin PBXTargetDependency section */
		65839B6E19B361F20043FF8F /* PBXTargetDependency */ = {
			isa = PBXTargetDependency;
			target = 65839B5519B361F20043FF8F /* Demo */;
			targetProxy = 65839B6D19B361F20043FF8F /* PBXContainerItemProxy */;
		};
/* End PBXTargetDependency section */

/* Begin PBXVariantGroup section */
		65839B6319B361F20043FF8F /* Main.storyboard */ = {
			isa = PBXVariantGroup;
			children = (
				65839B6419B361F20043FF8F /* Base */,
			);
			name = Main.storyboard;
			sourceTree = "<group>";
		};
/* End PBXVariantGroup section */

/* Begin XCBuildConfiguration section */
		65839B7419B361F20043FF8F /* Debug */ = {
			isa = XCBuildConfiguration;
			buildSettings = {
				ALWAYS_SEARCH_USER_PATHS = NO;
				CLANG_CXX_LANGUAGE_STANDARD = "gnu++0x";
				CLANG_CXX_LIBRARY = "libc++";
				CLANG_ENABLE_MODULES = YES;
				CLANG_ENABLE_OBJC_ARC = YES;
				CLANG_WARN_BOOL_CONVERSION = YES;
				CLANG_WARN_CONSTANT_CONVERSION = YES;
				CLANG_WARN_DIRECT_OBJC_ISA_USAGE = YES_ERROR;
				CLANG_WARN_EMPTY_BODY = YES;
				CLANG_WARN_ENUM_CONVERSION = YES;
				CLANG_WARN_INT_CONVERSION = YES;
				CLANG_WARN_OBJC_ROOT_CLASS = YES_ERROR;
				CLANG_WARN_UNREACHABLE_CODE = YES;
				CLANG_WARN__DUPLICATE_METHOD_MATCH = YES;
				"CODE_SIGN_IDENTITY[sdk=iphoneos*]" = "iPhone Developer";
				COPY_PHASE_STRIP = NO;
				ENABLE_STRICT_OBJC_MSGSEND = YES;
				GCC_C_LANGUAGE_STANDARD = gnu99;
				GCC_DYNAMIC_NO_PIC = NO;
				GCC_OPTIMIZATION_LEVEL = 0;
				GCC_PREPROCESSOR_DEFINITIONS = (
					"DEBUG=1",
					"$(inherited)",
				);
				GCC_SYMBOLS_PRIVATE_EXTERN = NO;
				GCC_WARN_64_TO_32_BIT_CONVERSION = YES;
				GCC_WARN_ABOUT_RETURN_TYPE = YES_ERROR;
				GCC_WARN_UNDECLARED_SELECTOR = YES;
				GCC_WARN_UNINITIALIZED_AUTOS = YES_AGGRESSIVE;
				GCC_WARN_UNUSED_FUNCTION = YES;
				GCC_WARN_UNUSED_VARIABLE = YES;
				IPHONEOS_DEPLOYMENT_TARGET = 8.0;
				MTL_ENABLE_DEBUG_INFO = YES;
				ONLY_ACTIVE_ARCH = YES;
				SDKROOT = iphoneos;
			};
			name = Debug;
		};
		65839B7519B361F20043FF8F /* Release */ = {
			isa = XCBuildConfiguration;
			buildSettings = {
				ALWAYS_SEARCH_USER_PATHS = NO;
				CLANG_CXX_LANGUAGE_STANDARD = "gnu++0x";
				CLANG_CXX_LIBRARY = "libc++";
				CLANG_ENABLE_MODULES = YES;
				CLANG_ENABLE_OBJC_ARC = YES;
				CLANG_WARN_BOOL_CONVERSION = YES;
				CLANG_WARN_CONSTANT_CONVERSION = YES;
				CLANG_WARN_DIRECT_OBJC_ISA_USAGE = YES_ERROR;
				CLANG_WARN_EMPTY_BODY = YES;
				CLANG_WARN_ENUM_CONVERSION = YES;
				CLANG_WARN_INT_CONVERSION = YES;
				CLANG_WARN_OBJC_ROOT_CLASS = YES_ERROR;
				CLANG_WARN_UNREACHABLE_CODE = YES;
				CLANG_WARN__DUPLICATE_METHOD_MATCH = YES;
				"CODE_SIGN_IDENTITY[sdk=iphoneos*]" = "iPhone Developer";
				COPY_PHASE_STRIP = YES;
				ENABLE_NS_ASSERTIONS = NO;
				ENABLE_STRICT_OBJC_MSGSEND = YES;
				GCC_C_LANGUAGE_STANDARD = gnu99;
				GCC_WARN_64_TO_32_BIT_CONVERSION = YES;
				GCC_WARN_ABOUT_RETURN_TYPE = YES_ERROR;
				GCC_WARN_UNDECLARED_SELECTOR = YES;
				GCC_WARN_UNINITIALIZED_AUTOS = YES_AGGRESSIVE;
				GCC_WARN_UNUSED_FUNCTION = YES;
				GCC_WARN_UNUSED_VARIABLE = YES;
				IPHONEOS_DEPLOYMENT_TARGET = 8.0;
				MTL_ENABLE_DEBUG_INFO = NO;
				SDKROOT = iphoneos;
				VALIDATE_PRODUCT = YES;
			};
			name = Release;
		};
		65839B7719B361F20043FF8F /* Debug */ = {
			isa = XCBuildConfiguration;
			buildSettings = {
				ASSETCATALOG_COMPILER_APPICON_NAME = AppIcon;
				ASSETCATALOG_COMPILER_LAUNCHIMAGE_NAME = LaunchImage;
				INFOPLIST_FILE = Demo/Info.plist;
				LD_RUNPATH_SEARCH_PATHS = "$(inherited) @executable_path/Frameworks";
				PRODUCT_NAME = "$(TARGET_NAME)";
			};
			name = Debug;
		};
		65839B7819B361F20043FF8F /* Release */ = {
			isa = XCBuildConfiguration;
			buildSettings = {
				ASSETCATALOG_COMPILER_APPICON_NAME = AppIcon;
				ASSETCATALOG_COMPILER_LAUNCHIMAGE_NAME = LaunchImage;
				INFOPLIST_FILE = Demo/Info.plist;
				LD_RUNPATH_SEARCH_PATHS = "$(inherited) @executable_path/Frameworks";
				PRODUCT_NAME = "$(TARGET_NAME)";
			};
			name = Release;
		};
		65839B7A19B361F20043FF8F /* Debug */ = {
			isa = XCBuildConfiguration;
			buildSettings = {
				BUNDLE_LOADER = "$(TEST_HOST)";
				FRAMEWORK_SEARCH_PATHS = (
					"$(SDKROOT)/Developer/Library/Frameworks",
					"$(inherited)",
				);
				GCC_PREPROCESSOR_DEFINITIONS = (
					"DEBUG=1",
					"$(inherited)",
				);
				INFOPLIST_FILE = DemoTests/Info.plist;
				LD_RUNPATH_SEARCH_PATHS = "$(inherited) @executable_path/Frameworks @loader_path/Frameworks";
				PRODUCT_NAME = "$(TARGET_NAME)";
				TEST_HOST = "$(BUILT_PRODUCTS_DIR)/Demo.app/Demo";
			};
			name = Debug;
		};
		65839B7B19B361F20043FF8F /* Release */ = {
			isa = XCBuildConfiguration;
			buildSettings = {
				BUNDLE_LOADER = "$(TEST_HOST)";
				FRAMEWORK_SEARCH_PATHS = (
					"$(SDKROOT)/Developer/Library/Frameworks",
					"$(inherited)",
				);
				INFOPLIST_FILE = DemoTests/Info.plist;
				LD_RUNPATH_SEARCH_PATHS = "$(inherited) @executable_path/Frameworks @loader_path/Frameworks";
				PRODUCT_NAME = "$(TARGET_NAME)";
				TEST_HOST = "$(BUILT_PRODUCTS_DIR)/Demo.app/Demo";
			};
			name = Release;
		};
/* End XCBuildConfiguration section */

/* Begin XCConfigurationList section */
		65839B5119B361F20043FF8F /* Build configuration list for PBXProject "Demo" */ = {
			isa = XCConfigurationList;
			buildConfigurations = (
				65839B7419B361F20043FF8F /* Debug */,
				65839B7519B361F20043FF8F /* Release */,
			);
			defaultConfigurationIsVisible = 0;
			defaultConfigurationName = Release;
		};
		65839B7619B361F20043FF8F /* Build configuration list for PBXNativeTarget "Demo" */ = {
			isa = XCConfigurationList;
			buildConfigurations = (
				65839B7719B361F20043FF8F /* Debug */,
				65839B7819B361F20043FF8F /* Release */,
			);
			defaultConfigurationIsVisible = 0;
			defaultConfigurationName = Release;
		};
		65839B7919B361F20043FF8F /* Build configuration list for PBXNativeTarget "DemoTests" */ = {
			isa = XCConfigurationList;
			buildConfigurations = (
				65839B7A19B361F20043FF8F /* Debug */,
				65839B7B19B361F20043FF8F /* Release */,
			);
			defaultConfigurationIsVisible = 0;
			defaultConfigurationName = Release;
		};
/* End XCConfigurationList section */
	};
	rootObject = 65839B4E19B361F20043FF8F /* Project object */;
}
